
Microsoft Visual Studio Solution File, Format Version 12.00
# Visual Studio Version 17
VisualStudioVersion = 17.5.002.0
MinimumVisualStudioVersion = 10.0.40219.1
Project("{9A19103F-16F7-4668-BE54-9A1E7A4F7556}") = "Hata-ExceptionYonetimi-Devam2", "Hata-ExceptionYonetimi-Devam2.csproj", "{47528452-FBE0-4EB8-B298-8127272651BF}"
EndProject
Global
	GlobalSection(SolutionConfigurationPlatforms) = preSolution
		Debug|Any CPU = Debug|Any CPU
		Release|Any CPU = Release|Any CPU
	EndGlobalSection
	GlobalSection(ProjectConfigurationPlatforms) = postSolution
		{47528452-FBE0-4EB8-B298-8127272651BF}.Debug|Any CPU.ActiveCfg = Debug|Any CPU
		{47528452-FBE0-4EB8-B298-8127272651BF}.Debug|Any CPU.Build.0 = Debug|Any CPU
		{47528452-FBE0-4EB8-B298-8127272651BF}.Release|Any CPU.ActiveCfg = Release|Any CPU
		{47528452-FBE0-4EB8-B298-8127272651BF}.Release|Any CPU.Build.0 = Release|Any CPU
	EndGlobalSection
	GlobalSection(SolutionProperties) = preSolution
		HideSolutionNode = FALSE
	EndGlobalSection
	GlobalSection(ExtensibilityGlobals) = postSolution
		SolutionGuid = {1084535C-CF67-49CC-ABBC-61B1619CFF5D}
	EndGlobalSection
EndGlobal
